
Microsoft Visual Studio Solution File, Format Version 12.00
# Visual Studio Version 17
VisualStudioVersion = 17.14.37012.4 d17.14
MinimumVisualStudioVersion = 10.0.40219.1
Project("{FAE04EC0-301F-11D3-BF4B-00C04F79EFBC}") = "AsyncRAT", "AsyncRAT.csproj", "{9B0069E6-FA99-12DE-7EEB-F5141E096E76}"
EndProject
Global
	GlobalSection(SolutionConfigurationPlatforms) = preSolution
		Debug|Any CPU = Debug|Any CPU
		Release|Any CPU = Release|Any CPU
	EndGlobalSection
	GlobalSection(ProjectConfigurationPlatforms) = postSolution
		{9B0069E6-FA99-12DE-7EEB-F5141E096E76}.Debug|Any CPU.ActiveCfg = Debug|Any CPU
		{9B0069E6-FA99-12DE-7EEB-F5141E096E76}.Debug|Any CPU.Build.0 = Debug|Any CPU
		{9B0069E6-FA99-12DE-7EEB-F5141E096E76}.Release|Any CPU.ActiveCfg = Release|Any CPU
		{9B0069E6-FA99-12DE-7EEB-F5141E096E76}.Release|Any CPU.Build.0 = Release|Any CPU
	EndGlobalSection
	GlobalSection(SolutionProperties) = preSolution
		HideSolutionNode = FALSE
	EndGlobalSection
	GlobalSection(ExtensibilityGlobals) = postSolution
		SolutionGuid = {FC60098C-249F-4962-9B68-B056450EC2F0}
	EndGlobalSection
EndGlobal
